
Microsoft Visual Studio Solution File, Format Version 12.00
# Visual Studio Version 16
VisualStudioVersion = 16.0.29920.165
MinimumVisualStudioVersion = 10.0.40219.1
Project("{FAE04EC0-301F-11D3-BF4B-00C04F79EFBC}") = "ProjectInventoris", "ProjectInventoris\ProjectInventoris.csproj", "{E155802C-8DD7-47AA-A62D-9F03166F58D8}"
EndProject
Project("{FAE04EC0-301F-11D3-BF4B-00C04F79EFBC}") = "ProductTypeTests", "ProductTypeTests\ProductTypeTests.csproj", "{DB04A4C2-42E0-4570-AC87-A7B6A38E5DC9}"
EndProject
Project("{FAE04EC0-301F-11D3-BF4B-00C04F79EFBC}") = "WindowsFormsApp1", "WindowsFormsApp1\WindowsFormsApp1.csproj", "{514D9D38-4AD6-4CFC-BE1B-9F2676B098AF}"
EndProject
Global
	GlobalSection(SolutionConfigurationPlatforms) = preSolution
		Debug|Any CPU = Debug|Any CPU
		Release|Any CPU = Release|Any CPU
	EndGlobalSection
	GlobalSection(ProjectConfigurationPlatforms) = postSolution
		{E155802C-8DD7-47AA-A62D-9F03166F58D8}.Debug|Any CPU.ActiveCfg = Debug|Any CPU
		{E155802C-8DD7-47AA-A62D-9F03166F58D8}.Debug|Any CPU.Build.0 = Debug|Any CPU
		{E155802C-8DD7-47AA-A62D-9F03166F58D8}.Release|Any CPU.ActiveCfg = Release|Any CPU
		{E155802C-8DD7-47AA-A62D-9F03166F58D8}.Release|Any CPU.Build.0 = Release|Any CPU
		{DB04A4C2-42E0-4570-AC87-A7B6A38E5DC9}.Debug|Any CPU.ActiveCfg = Debug|Any CPU
		{DB04A4C2-42E0-4570-AC87-A7B6A38E5DC9}.Debug|Any CPU.Build.0 = Debug|Any CPU
		{DB04A4C2-42E0-4570-AC87-A7B6A38E5DC9}.Release|Any CPU.ActiveCfg = Release|Any CPU
		{DB04A4C2-42E0-4570-AC87-A7B6A38E5DC9}.Release|Any CPU.Build.0 = Release|Any CPU
		{514D9D38-4AD6-4CFC-BE1B-9F2676B098AF}.Debug|Any CPU.ActiveCfg = Debug|Any CPU
		{514D9D38-4AD6-4CFC-BE1B-9F2676B098AF}.Debug|Any CPU.Build.0 = Debug|Any CPU
		{514D9D38-4AD6-4CFC-BE1B-9F2676B098AF}.Release|Any CPU.ActiveCfg = Release|Any CPU
		{514D9D38-4AD6-4CFC-BE1B-9F2676B098AF}.Release|Any CPU.Build.0 = Release|Any CPU
	EndGlobalSection
	GlobalSection(SolutionProperties) = preSolution
		HideSolutionNode = FALSE
	EndGlobalSection
	GlobalSection(ExtensibilityGlobals) = postSolution
		SolutionGuid = {58849966-4E7B-438B-A086-00B58CF0455E}
	EndGlobalSection
EndGlobal
